// !$*UTF8*$!
{
	archiveVersion = 1;
	classes = {
	};
	objectVersion = 50;
	objects = {

/* Begin PBXBuildFile section */
		15000F4C2147FECD0056A923 /* AppDelegate.swift in Sources */ = {isa = PBXBuildFile; fileRef = 15000F4B2147FECD0056A923 /* AppDelegate.swift */; };
		15000F4E2147FECD0056A923 /* ViewController.swift in Sources */ = {isa = PBXBuildFile; fileRef = 15000F4D2147FECD0056A923 /* ViewController.swift */; };
		15000F512147FECD0056A923 /* Main.storyboard in Resources */ = {isa = PBXBuildFile; fileRef = 15000F4F2147FECD0056A923 /* Main.storyboard */; };
		15000F532147FECE0056A923 /* Assets.xcassets in Resources */ = {isa = PBXBuildFile; fileRef = 15000F522147FECE0056A923 /* Assets.xcassets */; };
		15000F562147FECE0056A923 /* LaunchScreen.storyboard in Resources */ = {isa = PBXBuildFile; fileRef = 15000F542147FECE0056A923 /* LaunchScreen.storyboard */; };
		15000F612147FECE0056A923 /* UIButtonTests.swift in Sources */ = {isa = PBXBuildFile; fileRef = 15000F602147FECE0056A923 /* UIButtonTests.swift */; };
		15000F6C2147FECE0056A923 /* UIButtonUITests.swift in Sources */ = {isa = PBXBuildFile; fileRef = 15000F6B2147FECE0056A923 /* UIButtonUITests.swift */; };
/* End PBXBuildFile section */

/* Begin PBXContainerItemProxy section */
		15000F5D2147FECE0056A923 /* PBXContainerItemProxy */ = {
			isa = PBXContainerItemProxy;
			containerPortal = 15000F402147FECD0056A923 /* Project object */;
			proxyType = 1;
			remoteGlobalIDString = 15000F472147FECD0056A923;
			remoteInfo = UIButton;
		};
		15000F682147FECE0056A923 /* PBXContainerItemProxy */ = {
			isa = PBXContainerItemProxy;
			containerPortal = 15000F402147FECD0056A923 /* Project object */;
			proxyType = 1;
			remoteGlobalIDString = 15000F472147FECD0056A923;
			remoteInfo = UIButton;
		};
/* End PBXContainerItemProxy section */

/* Begin PBXFileReference section */
		15000F482147FECD0056A923 /* UIButton.app */ = {isa = PBXFileReference; explicitFileType = wrapper.application; includeInIndex = 0; path = UIButton.app; sourceTree = BUILT_PRODUCTS_DIR; };
		15000F4B2147FECD0056A923 /* AppDelegate.swift */ = {isa = PBXFileReference; lastKnownFileType = sourcecode.swift; path = AppDelegate.swift; sourceTree = "<group>"; };
		15000F4D2147FECD0056A923 /* ViewController.swift */ = {isa = PBXFileReference; lastKnownFileType = sourcecode.swift; path = ViewController.swift; sourceTree = "<group>"; };
		15000F502147FECD0056A923 /* Base */ = {isa = PBXFileReference; lastKnownFileType = file.storyboard; name = Base; path = Base.lproj/Main.storyboard; sourceTree = "<group>"; };
		15000F522147FECE0056A923 /* Assets.xcassets */ = {isa = PBXFileReference; lastKnownFileType = folder.assetcatalog; path = Assets.xcassets; sourceTree = "<group>"; };
		15000F552147FECE0056A923 /* Base */ = {isa = PBXFileReference; lastKnownFileType = file.storyboard; name = Base; path = Base.lproj/LaunchScreen.storyboard; sourceTree = "<group>"; };
		15000F572147FECE0056A923 /* Info.plist */ = {isa = PBXFileReference; lastKnownFileType = text.plist.xml; path = Info.plist; sourceTree = "<group>"; };
		15000F5C2147FECE0056A923 /* UIButtonTests.xctest */ = {isa = PBXFileReference; explicitFileType = wrapper.cfbundle; includeInIndex = 0; path = UIButtonTests.xctest; sourceTree = BUILT_PRODUCTS_DIR; };
		15000F602147FECE0056A923 /* UIButtonTests.swift */ = {isa = PBXFileReference; lastKnownFileType = sourcecode.swift; path = UIButtonTests.swift; sourceTree = "<group>"; };
		15000F622147FECE0056A923 /* Info.plist */ = {isa = PBXFileReference; lastKnownFileType = text.plist.xml; path = Info.plist; sourceTree = "<group>"; };
		15000F672147FECE0056A923 /* UIButtonUITests.xctest */ = {isa = PBXFileReference; explicitFileType = wrapper.cfbundle; includeInIndex = 0; path = UIButtonUITests.xctest; sourceTree = BUILT_PRODUCTS_DIR; };
		15000F6B2147FECE0056A923 /* UIButtonUITests.swift */ = {isa = PBXFileReference; lastKnownFileType = sourcecode.swift; path = UIButtonUITests.swift; sourceTree = "<group>"; };
		15000F6D2147FECE0056A923 /* Info.plist */ = {isa = PBXFileReference; lastKnownFileType = text.plist.xml; path = Info.plist; sourceTree = "<group>"; };
/* End PBXFileReference section */

/* Begin PBXFrameworksBuildPhase section */
		15000F452147FECD0056A923 /* Frameworks */ = {
			isa = PBXFrameworksBuildPhase;
			buildActionMask = 2147483647;
			files = (
			);
			runOnlyForDeploymentPostprocessing = 0;
		};
		15000F592147FECE0056A923 /* Frameworks */ = {
			isa = PBXFrameworksBuildPhase;
			buildActionMask = 2147483647;
			files = (
			);
			runOnlyForDeploymentPostprocessing = 0;
		};
		15000F642147FECE0056A923 /* Frameworks */ = {
			isa = PBXFrameworksBuildPhase;
			buildActionMask = 2147483647;
			files = (
			);
			runOnlyForDeploymentPostprocessing = 0;
		};
/* End PBXFrameworksBuildPhase section */

/* Begin PBXGroup section */
		15000F3F2147FECD0056A923 = {
			isa = PBXGroup;
			children = (
				15000F4A2147FECD0056A923 /* UIButton */,
				15000F5F2147FECE0056A923 /* UIButtonTests */,
				15000F6A2147FECE0056A923 /* UIButtonUITests */,
				15000F492147FECD0056A923 /* Products */,
			);
			sourceTree = "<group>";
		};
		15000F492147FECD0056A923 /* Products */ = {
			isa = PBXGroup;
			children = (
				15000F482147FECD0056A923 /* UIButton.app */,
				15000F5C2147FECE0056A923 /* UIButtonTests.xctest */,
				15000F672147FECE0056A923 /* UIButtonUITests.xctest */,
			);
			name = Products;
			sourceTree = "<group>";
		};
		15000F4A2147FECD0056A923 /* UIButton */ = {
			isa = PBXGroup;
			children = (
				15000F4B2147FECD0056A923 /* AppDelegate.swift */,
				15000F4D2147FECD0056A923 /* ViewController.swift */,
				15000F4F2147FECD0056A923 /* Main.storyboard */,
				15000F522147FECE0056A923 /* Assets.xcassets */,
				15000F542147FECE0056A923 /* LaunchScreen.storyboard */,
				15000F572147FECE0056A923 /* Info.plist */,
			);
			path = UIButton;
			sourceTree = "<group>";
		};
		15000F5F2147FECE0056A923 /* UIButtonTests */ = {
			isa = PBXGroup;
			children = (
				15000F602147FECE0056A923 /* UIButtonTests.swift */,
				15000F622147FECE0056A923 /* Info.plist */,
			);
			path = UIButtonTests;
			sourceTree = "<group>";
		};
		15000F6A2147FECE0056A923 /* UIButtonUITests */ = {
			isa = PBXGroup;
			children = (
				15000F6B2147FECE0056A923 /* UIButtonUITests.swift */,
				15000F6D2147FECE0056A923 /* Info.plist */,
			);
			path = UIButtonUITests;
			sourceTree = "<group>";
		};
/* End PBXGroup section */

/* Begin PBXNativeTarget section */
		15000F472147FECD0056A923 /* UIButton */ = {
			isa = PBXNativeTarget;
			buildConfigurationList = 15000F702147FECE0056A923 /* Build configuration list for PBXNativeTarget "UIButton" */;
			buildPhases = (
				15000F442147FECD0056A923 /* Sources */,
				15000F452147FECD0056A923 /* Frameworks */,
				15000F462147FECD0056A923 /* Resources */,
			);
			buildRules = (
			);
			dependencies = (
			);
			name = UIButton;
			productName = UIButton;
			productReference = 15000F482147FECD0056A923 /* UIButton.app */;
			productType = "com.apple.product-type.application";
		};
		15000F5B2147FECE0056A923 /* UIButtonTests */ = {
			isa = PBXNativeTarget;
			buildConfigurationList = 15000F732147FECE0056A923 /* Build configuration list for PBXNativeTarget "UIButtonTests" */;
			buildPhases = (
				15000F582147FECE0056A923 /* Sources */,
				15000F592147FECE0056A923 /* Frameworks */,
				15000F5A2147FECE0056A923 /* Resources */,
			);
			buildRules = (
			);
			dependencies = (
				15000F5E2147FECE0056A923 /* PBXTargetDependency */,
			);
			name = UIButtonTests;
			productName = UIButtonTests;
			productReference = 15000F5C2147FECE0056A923 /* UIButtonTests.xctest */;
			productType = "com.apple.product-type.bundle.unit-test";
		};
		15000F662147FECE0056A923 /* UIButtonUITests */ = {
			isa = PBXNativeTarget;
			buildConfigurationList = 15000F762147FECE0056A923 /* Build configuration list for PBXNativeTarget "UIButtonUITests" */;
			buildPhases = (
				15000F632147FECE0056A923 /* Sources */,
				15000F642147FECE0056A923 /* Frameworks */,
				15000F652147FECE0056A923 /* Resources */,
			);
			buildRules = (
			);
			dependencies = (
				15000F692147FECE0056A923 /* PBXTargetDependency */,
			);
			name = UIButtonUITests;
			productName = UIButtonUITests;
			productReference = 15000F672147FECE0056A923 /* UIButtonUITests.xctest */;
			productType = "com.apple.product-type.bundle.ui-testing";
		};
/* End PBXNativeTarget section */

/* Begin PBXProject section */
		15000F402147FECD0056A923 /* Project object */ = {
			isa = PBXProject;
			attributes = {
				LastSwiftUpdateCheck = 0940;
				LastUpgradeCheck = 0940;
				ORGANIZATIONNAME = "李维强";
				TargetAttributes = {
					15000F472147FECD0056A923 = {
						CreatedOnToolsVersion = 9.4.1;
					};
					15000F5B2147FECE0056A923 = {
						CreatedOnToolsVersion = 9.4.1;
						TestTargetID = 15000F472147FECD0056A923;
					};
					15000F662147FECE0056A923 = {
						CreatedOnToolsVersion = 9.4.1;
						TestTargetID = 15000F472147FECD0056A923;
					};
				};
			};
			buildConfigurationList = 15000F432147FECD0056A923 /* Build configuration list for PBXProject "UIButton" */;
			compatibilityVersion = "Xcode 9.3";
			developmentRegion = en;
			hasScannedForEncodings = 0;
			knownRegions = (
				en,
				Base,
			);
			mainGroup = 15000F3F2147FECD0056A923;
			productRefGroup = 15000F492147FECD0056A923 /* Products */;
			projectDirPath = "";
			projectRoot = "";
			targets = (
				15000F472147FECD0056A923 /* UIButton */,
				15000F5B2147FECE0056A923 /* UIButtonTests */,
				15000F662147FECE0056A923 /* UIButtonUITests */,
			);
		};
/* End PBXProject section */

/* Begin PBXResourcesBuildPhase section */
		15000F462147FECD0056A923 /* Resources */ = {
			isa = PBXResourcesBuildPhase;
			buildActionMask = 2147483647;
			files = (
				15000F562147FECE0056A923 /* LaunchScreen.storyboard in Resources */,
				15000F532147FECE0056A923 /* Assets.xcassets in Resources */,
				15000F512147FECD0056A923 /* Main.storyboard in Resources */,
			);
			runOnlyForDeploymentPostprocessing = 0;
		};
		15000F5A2147FECE0056A923 /* Resources */ = {
			isa = PBXResourcesBuildPhase;
			buildActionMask = 2147483647;
			files = (
			);
			runOnlyForDeploymentPostprocessing = 0;
		};
		15000F652147FECE0056A923 /* Resources */ = {
			isa = PBXResourcesBuildPhase;
			buildActionMask = 2147483647;
			files = (
			);
			runOnlyForDeploymentPostprocessing = 0;
		};
/* End PBXResourcesBuildPhase section */

/* Begin PBXSourcesBuildPhase section */
		15000F442147FECD0056A923 /* Sources */ = {
			isa = PBXSourcesBuildPhase;
			buildActionMask = 2147483647;
			files = (
				15000F4E2147FECD0056A923 /* ViewController.swift in Sources */,
				15000F4C2147FECD0056A923 /* AppDelegate.swift in Sources */,
			);
			runOnlyForDeploymentPostprocessing = 0;
		};
		15000F582147FECE0056A923 /* Sources */ = {
			isa = PBXSourcesBuildPhase;
			buildActionMask = 2147483647;
			files = (
				15000F612147FECE0056A923 /* UIButtonTests.swift in Sources */,
			);
			runOnlyForDeploymentPostprocessing = 0;
		};
		15000F632147FECE0056A923 /* Sources */ = {
			isa = PBXSourcesBuildPhase;
			buildActionMask = 2147483647;
			files = (
				15000F6C2147FECE0056A923 /* UIButtonUITests.swift in Sources */,
			);
			runOnlyForDeploymentPostprocessing = 0;
		};
/* End PBXSourcesBuildPhase section */

/* Begin PBXTargetDependency section */
		15000F5E2147FECE0056A923 /* PBXTargetDependency */ = {
			isa = PBXTargetDependency;
			target = 15000F472147FECD0056A923 /* UIButton */;
			targetProxy = 15000F5D2147FECE0056A923 /* PBXContainerItemProxy */;
		};
		15000F692147FECE0056A923 /* PBXTargetDependency */ = {
			isa = PBXTargetDependency;
			target = 15000F472147FECD0056A923 /* UIButton */;
			targetProxy = 15000F682147FECE0056A923 /* PBXContainerItemProxy */;
		};
/* End PBXTargetDependency section */

/* Begin PBXVariantGroup section */
		15000F4F2147FECD0056A923 /* Main.storyboard */ = {
			isa = PBXVariantGroup;
			children = (
				15000F502147FECD0056A923 /* Base */,
			);
			name = Main.storyboard;
			sourceTree = "<group>";
		};
		15000F542147FECE0056A923 /* LaunchScreen.storyboard */ = {
			isa = PBXVariantGroup;
			children = (
				15000F552147FECE0056A923 /* Base */,
			);
			name = LaunchScreen.storyboard;
			sourceTree = "<group>";
		};
/* End PBXVariantGroup section */

/* Begin XCBuildConfiguration section */
		15000F6E2147FECE0056A923 /* Debug */ = {
			isa = XCBuildConfiguration;
			buildSettings = {
				ALWAYS_SEARCH_USER_PATHS = NO;
				CLANG_ANALYZER_NONNULL = YES;
				CLANG_ANALYZER_NUMBER_OBJECT_CONVERSION = YES_AGGRESSIVE;
				CLANG_CXX_LANGUAGE_STANDARD = "gnu++14";
				CLANG_CXX_LIBRARY = "libc++";
				CLANG_ENABLE_MODULES = YES;
				CLANG_ENABLE_OBJC_ARC = YES;
				CLANG_ENABLE_OBJC_WEAK = YES;
				CLANG_WARN_BLOCK_CAPTURE_AUTORELEASING = YES;
				CLANG_WARN_BOOL_CONVERSION = YES;
				CLANG_WARN_COMMA = YES;
				CLANG_WARN_CONSTANT_CONVERSION = YES;
				CLANG_WARN_DEPRECATED_OBJC_IMPLEMENTATIONS = YES;
				CLANG_WARN_DIRECT_OBJC_ISA_USAGE = YES_ERROR;
				CLANG_WARN_DOCUMENTATION_COMMENTS = YES;
				CLANG_WARN_EMPTY_BODY = YES;
				CLANG_WARN_ENUM_CONVERSION = YES;
				CLANG_WARN_INFINITE_RECURSION = YES;
				CLANG_WARN_INT_CONVERSION = YES;
				CLANG_WARN_NON_LITERAL_NULL_CONVERSION = YES;
				CLANG_WARN_OBJC_IMPLICIT_RETAIN_SELF = YES;
				CLANG_WARN_OBJC_LITERAL_CONVERSION = YES;
				CLANG_WARN_OBJC_ROOT_CLASS = YES_ERROR;
				CLANG_WARN_RANGE_LOOP_ANALYSIS = YES;
				CLANG_WARN_STRICT_PROTOTYPES = YES;
				CLANG_WARN_SUSPICIOUS_MOVE = YES;
				CLANG_WARN_UNGUARDED_AVAILABILITY = YES_AGGRESSIVE;
				CLANG_WARN_UNREACHABLE_CODE = YES;
				CLANG_WARN__DUPLICATE_METHOD_MATCH = YES;
				CODE_SIGN_IDENTITY = "iPhone Developer";
				COPY_PHASE_STRIP = NO;
				DEBUG_INFORMATION_FORMAT = dwarf;
				ENABLE_STRICT_OBJC_MSGSEND = YES;
				ENABLE_TESTABILITY = YES;
				GCC_C_LANGUAGE_STANDARD = gnu11;
				GCC_DYNAMIC_NO_PIC = NO;
				GCC_NO_COMMON_BLOCKS = YES;
				GCC_OPTIMIZATION_LEVEL = 0;
				GCC_PREPROCESSOR_DEFINITIONS = (
					"DEBUG=1",
					"$(inherited)",
				);
				GCC_WARN_64_TO_32_BIT_CONVERSION = YES;
				GCC_WARN_ABOUT_RETURN_TYPE = YES_ERROR;
				GCC_WARN_UNDECLARED_SELECTOR = YES;
				GCC_WARN_UNINITIALIZED_AUTOS = YES_AGGRESSIVE;
				GCC_WARN_UNUSED_FUNCTION = YES;
				GCC_WARN_UNUSED_VARIABLE = YES;
				IPHONEOS_DEPLOYMENT_TARGET = 11.4;
				MTL_ENABLE_DEBUG_INFO = YES;
				ONLY_ACTIVE_ARCH = YES;
				SDKROOT = iphoneos;
				SWIFT_ACTIVE_COMPILATION_CONDITIONS = DEBUG;
				SWIFT_OPTIMIZATION_LEVEL = "-Onone";
			};
			name = Debug;
		};
		15000F6F2147FECE0056A923 /* Release */ = {
			isa = XCBuildConfiguration;
			buildSettings = {
				ALWAYS_SEARCH_USER_PATHS = NO;
				CLANG_ANALYZER_NONNULL = YES;
				CLANG_ANALYZER_NUMBER_OBJECT_CONVERSION = YES_AGGRESSIVE;
				CLANG_CXX_LANGUAGE_STANDARD = "gnu++14";
				CLANG_CXX_LIBRARY = "libc++";
				CLANG_ENABLE_MODULES = YES;
				CLANG_ENABLE_OBJC_ARC = YES;
				CLANG_ENABLE_OBJC_WEAK = YES;
				CLANG_WARN_BLOCK_CAPTURE_AUTORELEASING = YES;
				CLANG_WARN_BOOL_CONVERSION = YES;
				CLANG_WARN_COMMA = YES;
				CLANG_WARN_CONSTANT_CONVERSION = YES;
				CLANG_WARN_DEPRECATED_OBJC_IMPLEMENTATIONS = YES;
				CLANG_WARN_DIRECT_OBJC_ISA_USAGE = YES_ERROR;
				CLANG_WARN_DOCUMENTATION_COMMENTS = YES;
				CLANG_WARN_EMPTY_BODY = YES;
				CLANG_WARN_ENUM_CONVERSION = YES;
				CLANG_WARN_INFINITE_RECURSION = YES;
				CLANG_WARN_INT_CONVERSION = YES;
				CLANG_WARN_NON_LITERAL_NULL_CONVERSION = YES;
				CLANG_WARN_OBJC_IMPLICIT_RETAIN_SELF = YES;
				CLANG_WARN_OBJC_LITERAL_CONVERSION = YES;
				CLANG_WARN_OBJC_ROOT_CLASS = YES_ERROR;
				CLANG_WARN_RANGE_LOOP_ANALYSIS = YES;
				CLANG_WARN_STRICT_PROTOTYPES = YES;
				CLANG_WARN_SUSPICIOUS_MOVE = YES;
				CLANG_WARN_UNGUARDED_AVAILABILITY = YES_AGGRESSIVE;
				CLANG_WARN_UNREACHABLE_CODE = YES;
				CLANG_WARN__DUPLICATE_METHOD_MATCH = YES;
				CODE_SIGN_IDENTITY = "iPhone Developer";
				COPY_PHASE_STRIP = NO;
				DEBUG_INFORMATION_FORMAT = "dwarf-with-dsym";
				ENABLE_NS_ASSERTIONS = NO;
				ENABLE_STRICT_OBJC_MSGSEND = YES;
				GCC_C_LANGUAGE_STANDARD = gnu11;
				GCC_NO_COMMON_BLOCKS = YES;
				GCC_WARN_64_TO_32_BIT_CONVERSION = YES;
				GCC_WARN_ABOUT_RETURN_TYPE = YES_ERROR;
				GCC_WARN_UNDECLARED_SELECTOR = YES;
				GCC_WARN_UNINITIALIZED_AUTOS = YES_AGGRESSIVE;
				GCC_WARN_UNUSED_FUNCTION = YES;
				GCC_WARN_UNUSED_VARIABLE = YES;
				IPHONEOS_DEPLOYMENT_TARGET = 11.4;
				MTL_ENABLE_DEBUG_INFO = NO;
				SDKROOT = iphoneos;
				SWIFT_COMPILATION_MODE = wholemodule;
				SWIFT_OPTIMIZATION_LEVEL = "-O";
				VALIDATE_PRODUCT = YES;
			};
			name = Release;
		};
		15000F712147FECE0056A923 /* Debug */ = {
			isa = XCBuildConfiguration;
			buildSettings = {
				ASSETCATALOG_COMPILER_APPICON_NAME = AppIcon;
				CODE_SIGN_STYLE = Automatic;
				DEVELOPMENT_TEAM = A37HB6598M;
				INFOPLIST_FILE = UIButton/Info.plist;
				LD_RUNPATH_SEARCH_PATHS = (
					"$(inherited)",
					"@executable_path/Frameworks",
				);
				PRODUCT_BUNDLE_IDENTIFIER = com.decnt.UIButton;
				PRODUCT_NAME = "$(TARGET_NAME)";
				SWIFT_VERSION = 4.0;
				TARGETED_DEVICE_FAMILY = "1,2";
			};
			name = Debug;
		};
		15000F722147FECE0056A923 /* Release */ = {
			isa = XCBuildConfiguration;
			buildSettings = {
				ASSETCATALOG_COMPILER_APPICON_NAME = AppIcon;
				CODE_SIGN_STYLE = Automatic;
				DEVELOPMENT_TEAM = A37HB6598M;
				INFOPLIST_FILE = UIButton/Info.plist;
				LD_RUNPATH_SEARCH_PATHS = (
					"$(inherited)",
					"@executable_path/Frameworks",
				);
				PRODUCT_BUNDLE_IDENTIFIER = com.decnt.UIButton;
				PRODUCT_NAME = "$(TARGET_NAME)";
				SWIFT_VERSION = 4.0;
				TARGETED_DEVICE_FAMILY = "1,2";
			};
			name = Release;
		};
		15000F742147FECE0056A923 /* Debug */ = {
			isa = XCBuildConfiguration;
			buildSettings = {
				ALWAYS_EMBED_SWIFT_STANDARD_LIBRARIES = YES;
				BUNDLE_LOADER = "$(TEST_HOST)";
				CODE_SIGN_STYLE = Automatic;
				DEVELOPMENT_TEAM = A37HB6598M;
				INFOPLIST_FILE = UIButtonTests/Info.plist;
				LD_RUNPATH_SEARCH_PATHS = (
					"$(inherited)",
					"@executable_path/Frameworks",
					"@loader_path/Frameworks",
				);
				PRODUCT_BUNDLE_IDENTIFIER = com.decnt.UIButtonTests;
				PRODUCT_NAME = "$(TARGET_NAME)";
				SWIFT_VERSION = 4.0;
				TARGETED_DEVICE_FAMILY = "1,2";
				TEST_HOST = "$(BUILT_PRODUCTS_DIR)/UIButton.app/UIButton";
			};
			name = Debug;
		};
		15000F752147FECE0056A923 /* Release */ = {
			isa = XCBuildConfiguration;
			buildSettings = {
				ALWAYS_EMBED_SWIFT_STANDARD_LIBRARIES = YES;
				BUNDLE_LOADER = "$(TEST_HOST)";
				CODE_SIGN_STYLE = Automatic;
				DEVELOPMENT_TEAM = A37HB6598M;
				INFOPLIST_FILE = UIButtonTests/Info.plist;
				LD_RUNPATH_SEARCH_PATHS = (
					"$(inherited)",
					"@executable_path/Frameworks",
					"@loader_path/Frameworks",
				);
				PRODUCT_BUNDLE_IDENTIFIER = com.decnt.UIButtonTests;
				PRODUCT_NAME = "$(TARGET_NAME)";
				SWIFT_VERSION = 4.0;
				TARGETED_DEVICE_FAMILY = "1,2";
				TEST_HOST = "$(BUILT_PRODUCTS_DIR)/UIButton.app/UIButton";
			};
			name = Release;
		};
		15000F772147FECE0056A923 /* Debug */ = {
			isa = XCBuildConfiguration;
			buildSettings = {
				ALWAYS_EMBED_SWIFT_STANDARD_LIBRARIES = YES;
				CODE_SIGN_STYLE = Automatic;
				DEVELOPMENT_TEAM = A37HB6598M;
				INFOPLIST_FILE = UIButtonUITests/Info.plist;
				LD_RUNPATH_SEARCH_PATHS = (
					"$(inherited)",
					"@executable_path/Frameworks",
					"@loader_path/Frameworks",
				);
				PRODUCT_BUNDLE_IDENTIFIER = com.decnt.UIButtonUITests;
				PRODUCT_NAME = "$(TARGET_NAME)";
				SWIFT_VERSION = 4.0;
				TARGETED_DEVICE_FAMILY = "1,2";
				TEST_TARGET_NAME = UIButton;
			};
			name = Debug;
		};
		15000F782147FECE0056A923 /* Release */ = {
			isa = XCBuildConfiguration;
			buildSettings = {
				ALWAYS_EMBED_SWIFT_STANDARD_LIBRARIES = YES;
				CODE_SIGN_STYLE = Automatic;
				DEVELOPMENT_TEAM = A37HB6598M;
				INFOPLIST_FILE = UIButtonUITests/Info.plist;
				LD_RUNPATH_SEARCH_PATHS = (
					"$(inherited)",
					"@executable_path/Frameworks",
					"@loader_path/Frameworks",
				);
				PRODUCT_BUNDLE_IDENTIFIER = com.decnt.UIButtonUITests;
				PRODUCT_NAME = "$(TARGET_NAME)";
				SWIFT_VERSION = 4.0;
				TARGETED_DEVICE_FAMILY = "1,2";
				TEST_TARGET_NAME = UIButton;
			};
			name = Release;
		};
/* End XCBuildConfiguration section */

/* Begin XCConfigurationList section */
		15000F432147FECD0056A923 /* Build configuration list for PBXProject "UIButton" */ = {
			isa = XCConfigurationList;
			buildConfigurations = (
				15000F6E2147FECE0056A923 /* Debug */,
				15000F6F2147FECE0056A923 /* Release */,
			);
			defaultConfigurationIsVisible = 0;
			defaultConfigurationName = Release;
		};
		15000F702147FECE0056A923 /* Build configuration list for PBXNativeTarget "UIButton" */ = {
			isa = XCConfigurationList;
			buildConfigurations = (
				15000F712147FECE0056A923 /* Debug */,
				15000F722147FECE0056A923 /* Release */,
			);
			defaultConfigurationIsVisible = 0;
			defaultConfigurationName = Release;
		};
		15000F732147FECE0056A923 /* Build configuration list for PBXNativeTarget "UIButtonTests" */ = {
			isa = XCConfigurationList;
			buildConfigurations = (
				15000F742147FECE0056A923 /* Debug */,
				15000F752147FECE0056A923 /* Release */,
			);
			defaultConfigurationIsVisible = 0;
			defaultConfigurationName = Release;
		};
		15000F762147FECE0056A923 /* Build configuration list for PBXNativeTarget "UIButtonUITests" */ = {
			isa = XCConfigurationList;
			buildConfigurations = (
				15000F772147FECE0056A923 /* Debug */,
				15000F782147FECE0056A923 /* Release */,
			);
			defaultConfigurationIsVisible = 0;
			defaultConfigurationName = Release;
		};
/* End XCConfigurationList section */
	};
	rootObject = 15000F402147FECD0056A923 /* Project object */;
}
